
Microsoft Visual Studio Solution File, Format Version 12.00
Project("{2150E333-8FDC-42A3-9474-1A3956D46DE8}") = "BehavioralPatterns", "BehavioralPatterns", "{F0361230-E3A4-41FB-BDC1-05605CED6E00}"
EndProject
Project("{2150E333-8FDC-42A3-9474-1A3956D46DE8}") = "CreationalPatterns", "CreationalPatterns", "{9DF9E63E-FE7F-4202-A337-1F92379704AD}"
EndProject
Project("{2150E333-8FDC-42A3-9474-1A3956D46DE8}") = "StructuralPatterns", "StructuralPatterns", "{4011F0A0-AF9E-4579-9C32-2E1E41B308E4}"
EndProject
Project("{FAE04EC0-301F-11D3-BF4B-00C04F79EFBC}") = "State", "BehavioralPatterns\State\State.csproj", "{BF079906-B091-49B0-AA49-53DBBE5C00E3}"
EndProject
Global
	GlobalSection(SolutionConfigurationPlatforms) = preSolution
		Debug|Any CPU = Debug|Any CPU
		Release|Any CPU = Release|Any CPU
	EndGlobalSection
	GlobalSection(ProjectConfigurationPlatforms) = postSolution
		{BF079906-B091-49B0-AA49-53DBBE5C00E3}.Debug|Any CPU.ActiveCfg = Debug|Any CPU
		{BF079906-B091-49B0-AA49-53DBBE5C00E3}.Debug|Any CPU.Build.0 = Debug|Any CPU
		{BF079906-B091-49B0-AA49-53DBBE5C00E3}.Release|Any CPU.ActiveCfg = Release|Any CPU
		{BF079906-B091-49B0-AA49-53DBBE5C00E3}.Release|Any CPU.Build.0 = Release|Any CPU
	EndGlobalSection
	GlobalSection(NestedProjects) = preSolution
		{BF079906-B091-49B0-AA49-53DBBE5C00E3} = {F0361230-E3A4-41FB-BDC1-05605CED6E00}
	EndGlobalSection
EndGlobal
